
Microsoft Visual Studio Solution File, Format Version 12.00
# Visual Studio Version 16
VisualStudioVersion = 16.0.30621.155
MinimumVisualStudioVersion = 10.0.40219.1
Project("{FAE04EC0-301F-11D3-BF4B-00C04F79EFBC}") = "PracticeLiskovSubstitutionPrinciple", "PracticeLiskovSubstitutionPrinciple\PracticeLiskovSubstitutionPrinciple.csproj", "{5FEB4019-6DB4-49CF-9873-E37A9F81D9AB}"
EndProject
Project("{FAE04EC0-301F-11D3-BF4B-00C04F79EFBC}") = "Test", "Test\Test.csproj", "{71C6154F-4620-434C-8183-40C722DD7517}"
EndProject
Global
	GlobalSection(SolutionConfigurationPlatforms) = preSolution
		Debug|Any CPU = Debug|Any CPU
		Release|Any CPU = Release|Any CPU
	EndGlobalSection
	GlobalSection(ProjectConfigurationPlatforms) = postSolution
		{5FEB4019-6DB4-49CF-9873-E37A9F81D9AB}.Debug|Any CPU.ActiveCfg = Debug|Any CPU
		{5FEB4019-6DB4-49CF-9873-E37A9F81D9AB}.Debug|Any CPU.Build.0 = Debug|Any CPU
		{5FEB4019-6DB4-49CF-9873-E37A9F81D9AB}.Release|Any CPU.ActiveCfg = Release|Any CPU
		{5FEB4019-6DB4-49CF-9873-E37A9F81D9AB}.Release|Any CPU.Build.0 = Release|Any CPU
		{71C6154F-4620-434C-8183-40C722DD7517}.Debug|Any CPU.ActiveCfg = Debug|Any CPU
		{71C6154F-4620-434C-8183-40C722DD7517}.Debug|Any CPU.Build.0 = Debug|Any CPU
		{71C6154F-4620-434C-8183-40C722DD7517}.Release|Any CPU.ActiveCfg = Release|Any CPU
		{71C6154F-4620-434C-8183-40C722DD7517}.Release|Any CPU.Build.0 = Release|Any CPU
	EndGlobalSection
	GlobalSection(SolutionProperties) = preSolution
		HideSolutionNode = FALSE
	EndGlobalSection
	GlobalSection(ExtensibilityGlobals) = postSolution
		SolutionGuid = {3E58F981-CE88-4E7B-8DE7-5C84679E9D73}
	EndGlobalSection
EndGlobal
